
Microsoft Visual Studio Solution File, Format Version 12.00
# Visual Studio Version 16
VisualStudioVersion = 16.0.30804.86
MinimumVisualStudioVersion = 10.0.40219.1
Project("{FAE04EC0-301F-11D3-BF4B-00C04F79EFBC}") = "DS3SaveBackup", "DS3SaveBackup\DS3SaveBackup.csproj", "{75B34879-4052-47A2-ACF7-6691C80CC71A}"
EndProject
Global
	GlobalSection(SolutionConfigurationPlatforms) = preSolution
		Debug|Any CPU = Debug|Any CPU
		Release|Any CPU = Release|Any CPU
	EndGlobalSection
	GlobalSection(ProjectConfigurationPlatforms) = postSolution
		{75B34879-4052-47A2-ACF7-6691C80CC71A}.Debug|Any CPU.ActiveCfg = Debug|Any CPU
		{75B34879-4052-47A2-ACF7-6691C80CC71A}.Debug|Any CPU.Build.0 = Debug|Any CPU
		{75B34879-4052-47A2-ACF7-6691C80CC71A}.Release|Any CPU.ActiveCfg = Release|Any CPU
		{75B34879-4052-47A2-ACF7-6691C80CC71A}.Release|Any CPU.Build.0 = Release|Any CPU
	EndGlobalSection
	GlobalSection(SolutionProperties) = preSolution
		HideSolutionNode = FALSE
	EndGlobalSection
	GlobalSection(ExtensibilityGlobals) = postSolution
		SolutionGuid = {FEB476A3-6DDC-4190-8E54-AB6F247FDA65}
	EndGlobalSection
EndGlobal
